
Microsoft Visual Studio Solution File, Format Version 12.00
# Visual Studio Version 16
VisualStudioVersion = 16.0.29926.136
MinimumVisualStudioVersion = 10.0.40219.1
Project("{9A19103F-16F7-4668-BE54-9A1E7A4F7556}") = "02. Array Modifier", "problem 1\02. Array Modifier.csproj", "{6E7E63A8-2F05-4685-AD79-8498082FD681}"
EndProject
Project("{9A19103F-16F7-4668-BE54-9A1E7A4F7556}") = "01.  SoftUni Reception", "problem 2\01.  SoftUni Reception.csproj", "{A99602B8-BC22-46B4-88E0-219D9050E715}"
EndProject
Project("{9A19103F-16F7-4668-BE54-9A1E7A4F7556}") = "03. Numbers", "Problem 3\03. Numbers.csproj", "{108B251E-CF0C-407E-A9C8-4C01EF5363CC}"
EndProject
Global
	GlobalSection(SolutionConfigurationPlatforms) = preSolution
		Debug|Any CPU = Debug|Any CPU
		Release|Any CPU = Release|Any CPU
	EndGlobalSection
	GlobalSection(ProjectConfigurationPlatforms) = postSolution
		{6E7E63A8-2F05-4685-AD79-8498082FD681}.Debug|Any CPU.ActiveCfg = Debug|Any CPU
		{6E7E63A8-2F05-4685-AD79-8498082FD681}.Debug|Any CPU.Build.0 = Debug|Any CPU
		{6E7E63A8-2F05-4685-AD79-8498082FD681}.Release|Any CPU.ActiveCfg = Release|Any CPU
		{6E7E63A8-2F05-4685-AD79-8498082FD681}.Release|Any CPU.Build.0 = Release|Any CPU
		{A99602B8-BC22-46B4-88E0-219D9050E715}.Debug|Any CPU.ActiveCfg = Debug|Any CPU
		{A99602B8-BC22-46B4-88E0-219D9050E715}.Debug|Any CPU.Build.0 = Debug|Any CPU
		{A99602B8-BC22-46B4-88E0-219D9050E715}.Release|Any CPU.ActiveCfg = Release|Any CPU
		{A99602B8-BC22-46B4-88E0-219D9050E715}.Release|Any CPU.Build.0 = Release|Any CPU
		{108B251E-CF0C-407E-A9C8-4C01EF5363CC}.Debug|Any CPU.ActiveCfg = Debug|Any CPU
		{108B251E-CF0C-407E-A9C8-4C01EF5363CC}.Debug|Any CPU.Build.0 = Debug|Any CPU
		{108B251E-CF0C-407E-A9C8-4C01EF5363CC}.Release|Any CPU.ActiveCfg = Release|Any CPU
		{108B251E-CF0C-407E-A9C8-4C01EF5363CC}.Release|Any CPU.Build.0 = Release|Any CPU
	EndGlobalSection
	GlobalSection(SolutionProperties) = preSolution
		HideSolutionNode = FALSE
	EndGlobalSection
	GlobalSection(ExtensibilityGlobals) = postSolution
		SolutionGuid = {8C7BA02B-1F84-4D71-A49B-CC64710026BC}
	EndGlobalSection
EndGlobal
