
Microsoft Visual Studio Solution File, Format Version 12.00
# Visual Studio Version 16
VisualStudioVersion = 16.0.29926.136
MinimumVisualStudioVersion = 10.0.40219.1
Project("{9A19103F-16F7-4668-BE54-9A1E7A4F7556}") = "01. Diagonal Difference", "01. Diagonal Difference\01. Diagonal Difference.csproj", "{69DFA5C1-3478-4A25-A576-8B8C8C6F585C}"
EndProject
Project("{9A19103F-16F7-4668-BE54-9A1E7A4F7556}") = "02.  2X2 Squares in Matrix", "02.  2X2 Squares in Matrix\02.  2X2 Squares in Matrix.csproj", "{BB3536D9-8FEF-4FB9-A91B-B2BB34FFCCEB}"
EndProject
Project("{9A19103F-16F7-4668-BE54-9A1E7A4F7556}") = "03. Maximal Sum", "03. Maximal Sum\03. Maximal Sum.csproj", "{F39F2AB9-57A2-4EF9-BAAE-DEEC1692F689}"
EndProject
Project("{9A19103F-16F7-4668-BE54-9A1E7A4F7556}") = "04. Matrix Shuffling", "04. Matrix Shuffling\04. Matrix Shuffling.csproj", "{21EDF37D-197B-463D-A1C5-30CB70159827}"
EndProject
Project("{9A19103F-16F7-4668-BE54-9A1E7A4F7556}") = "05. Snake Moves", "05. Snake Moves\05. Snake Moves.csproj", "{2405A97B-5CF4-411C-A769-190BE74FE9FA}"
EndProject
Project("{FAE04EC0-301F-11D3-BF4B-00C04F79EFBC}") = "6. Jagged Array Manipulator", "6. Jagged Array Manipulator\6. Jagged Array Manipulator.csproj", "{D41FCDC0-865D-4B36-8895-E3098A66D485}"
EndProject
Project("{FAE04EC0-301F-11D3-BF4B-00C04F79EFBC}") = "7. Knight Game", "7. Knight Game\7. Knight Game.csproj", "{84F920BF-9792-4C85-8B63-A676F2083C35}"
EndProject
Global
	GlobalSection(SolutionConfigurationPlatforms) = preSolution
		Debug|Any CPU = Debug|Any CPU
		Release|Any CPU = Release|Any CPU
	EndGlobalSection
	GlobalSection(ProjectConfigurationPlatforms) = postSolution
		{69DFA5C1-3478-4A25-A576-8B8C8C6F585C}.Debug|Any CPU.ActiveCfg = Debug|Any CPU
		{69DFA5C1-3478-4A25-A576-8B8C8C6F585C}.Debug|Any CPU.Build.0 = Debug|Any CPU
		{69DFA5C1-3478-4A25-A576-8B8C8C6F585C}.Release|Any CPU.ActiveCfg = Release|Any CPU
		{69DFA5C1-3478-4A25-A576-8B8C8C6F585C}.Release|Any CPU.Build.0 = Release|Any CPU
		{BB3536D9-8FEF-4FB9-A91B-B2BB34FFCCEB}.Debug|Any CPU.ActiveCfg = Debug|Any CPU
		{BB3536D9-8FEF-4FB9-A91B-B2BB34FFCCEB}.Debug|Any CPU.Build.0 = Debug|Any CPU
		{BB3536D9-8FEF-4FB9-A91B-B2BB34FFCCEB}.Release|Any CPU.ActiveCfg = Release|Any CPU
		{BB3536D9-8FEF-4FB9-A91B-B2BB34FFCCEB}.Release|Any CPU.Build.0 = Release|Any CPU
		{F39F2AB9-57A2-4EF9-BAAE-DEEC1692F689}.Debug|Any CPU.ActiveCfg = Debug|Any CPU
		{F39F2AB9-57A2-4EF9-BAAE-DEEC1692F689}.Debug|Any CPU.Build.0 = Debug|Any CPU
		{F39F2AB9-57A2-4EF9-BAAE-DEEC1692F689}.Release|Any CPU.ActiveCfg = Release|Any CPU
		{F39F2AB9-57A2-4EF9-BAAE-DEEC1692F689}.Release|Any CPU.Build.0 = Release|Any CPU
		{21EDF37D-197B-463D-A1C5-30CB70159827}.Debug|Any CPU.ActiveCfg = Debug|Any CPU
		{21EDF37D-197B-463D-A1C5-30CB70159827}.Debug|Any CPU.Build.0 = Debug|Any CPU
		{21EDF37D-197B-463D-A1C5-30CB70159827}.Release|Any CPU.ActiveCfg = Release|Any CPU
		{21EDF37D-197B-463D-A1C5-30CB70159827}.Release|Any CPU.Build.0 = Release|Any CPU
		{2405A97B-5CF4-411C-A769-190BE74FE9FA}.Debug|Any CPU.ActiveCfg = Debug|Any CPU
		{2405A97B-5CF4-411C-A769-190BE74FE9FA}.Debug|Any CPU.Build.0 = Debug|Any CPU
		{2405A97B-5CF4-411C-A769-190BE74FE9FA}.Release|Any CPU.ActiveCfg = Release|Any CPU
		{2405A97B-5CF4-411C-A769-190BE74FE9FA}.Release|Any CPU.Build.0 = Release|Any CPU
		{D41FCDC0-865D-4B36-8895-E3098A66D485}.Debug|Any CPU.ActiveCfg = Debug|Any CPU
		{D41FCDC0-865D-4B36-8895-E3098A66D485}.Debug|Any CPU.Build.0 = Debug|Any CPU
		{D41FCDC0-865D-4B36-8895-E3098A66D485}.Release|Any CPU.ActiveCfg = Release|Any CPU
		{D41FCDC0-865D-4B36-8895-E3098A66D485}.Release|Any CPU.Build.0 = Release|Any CPU
		{84F920BF-9792-4C85-8B63-A676F2083C35}.Debug|Any CPU.ActiveCfg = Debug|Any CPU
		{84F920BF-9792-4C85-8B63-A676F2083C35}.Debug|Any CPU.Build.0 = Debug|Any CPU
		{84F920BF-9792-4C85-8B63-A676F2083C35}.Release|Any CPU.ActiveCfg = Release|Any CPU
		{84F920BF-9792-4C85-8B63-A676F2083C35}.Release|Any CPU.Build.0 = Release|Any CPU
	EndGlobalSection
	GlobalSection(SolutionProperties) = preSolution
		HideSolutionNode = FALSE
	EndGlobalSection
	GlobalSection(ExtensibilityGlobals) = postSolution
		SolutionGuid = {AF42B085-133F-416E-971C-8827D2653E5C}
	EndGlobalSection
EndGlobal
