
Microsoft Visual Studio Solution File, Format Version 12.00
# Visual Studio Version 16
VisualStudioVersion = 16.0.29926.136
MinimumVisualStudioVersion = 10.0.40219.1
Project("{FAE04EC0-301F-11D3-BF4B-00C04F79EFBC}") = "01. Diagonal Difference", "01. Diagonal Difference\01. Diagonal Difference.csproj", "{69DFA5C1-3478-4A25-A576-8B8C8C6F585C}"
EndProject
Project("{FAE04EC0-301F-11D3-BF4B-00C04F79EFBC}") = "02.  2X2 Squares in Matrix", "02.  2X2 Squares in Matrix\02.  2X2 Squares in Matrix.csproj", "{BB3536D9-8FEF-4FB9-A91B-B2BB34FFCCEB}"
EndProject
Project("{FAE04EC0-301F-11D3-BF4B-00C04F79EFBC}") = "03. Maximal Sum", "03. Maximal Sum\03. Maximal Sum.csproj", "{F39F2AB9-57A2-4EF9-BAAE-DEEC1692F689}"
EndProject
Global
	GlobalSection(SolutionConfigurationPlatforms) = preSolution
		Debug|Any CPU = Debug|Any CPU
		Release|Any CPU = Release|Any CPU
	EndGlobalSection
	GlobalSection(ProjectConfigurationPlatforms) = postSolution
		{69DFA5C1-3478-4A25-A576-8B8C8C6F585C}.Debug|Any CPU.ActiveCfg = Debug|Any CPU
		{69DFA5C1-3478-4A25-A576-8B8C8C6F585C}.Debug|Any CPU.Build.0 = Debug|Any CPU
		{69DFA5C1-3478-4A25-A576-8B8C8C6F585C}.Release|Any CPU.ActiveCfg = Release|Any CPU
		{69DFA5C1-3478-4A25-A576-8B8C8C6F585C}.Release|Any CPU.Build.0 = Release|Any CPU
		{BB3536D9-8FEF-4FB9-A91B-B2BB34FFCCEB}.Debug|Any CPU.ActiveCfg = Debug|Any CPU
		{BB3536D9-8FEF-4FB9-A91B-B2BB34FFCCEB}.Debug|Any CPU.Build.0 = Debug|Any CPU
		{BB3536D9-8FEF-4FB9-A91B-B2BB34FFCCEB}.Release|Any CPU.ActiveCfg = Release|Any CPU
		{BB3536D9-8FEF-4FB9-A91B-B2BB34FFCCEB}.Release|Any CPU.Build.0 = Release|Any CPU
		{F39F2AB9-57A2-4EF9-BAAE-DEEC1692F689}.Debug|Any CPU.ActiveCfg = Debug|Any CPU
		{F39F2AB9-57A2-4EF9-BAAE-DEEC1692F689}.Debug|Any CPU.Build.0 = Debug|Any CPU
		{F39F2AB9-57A2-4EF9-BAAE-DEEC1692F689}.Release|Any CPU.ActiveCfg = Release|Any CPU
		{F39F2AB9-57A2-4EF9-BAAE-DEEC1692F689}.Release|Any CPU.Build.0 = Release|Any CPU
	EndGlobalSection
	GlobalSection(SolutionProperties) = preSolution
		HideSolutionNode = FALSE
	EndGlobalSection
	GlobalSection(ExtensibilityGlobals) = postSolution
		SolutionGuid = {AF42B085-133F-416E-971C-8827D2653E5C}
	EndGlobalSection
EndGlobal
