
Microsoft Visual Studio Solution File, Format Version 12.00
# Visual Studio Version 16
VisualStudioVersion = 16.0.29926.136
MinimumVisualStudioVersion = 10.0.40219.1
Project("{FAE04EC0-301F-11D3-BF4B-00C04F79EFBC}") = "1. Encrypt, Sort and Print Array", "1. Encrypt, Sort and Print Array\1. Encrypt, Sort and Print Array.csproj", "{E9234FF2-96A4-44EE-BBE4-72612A5076A3}"
EndProject
Project("{FAE04EC0-301F-11D3-BF4B-00C04F79EFBC}") = "4. Fold and Sum", "4. Fold and Sum\4. Fold and Sum.csproj", "{0D724723-82A8-466E-BF17-405F289DA2E0}"
EndProject
Global
	GlobalSection(SolutionConfigurationPlatforms) = preSolution
		Debug|Any CPU = Debug|Any CPU
		Release|Any CPU = Release|Any CPU
	EndGlobalSection
	GlobalSection(ProjectConfigurationPlatforms) = postSolution
		{E9234FF2-96A4-44EE-BBE4-72612A5076A3}.Debug|Any CPU.ActiveCfg = Debug|Any CPU
		{E9234FF2-96A4-44EE-BBE4-72612A5076A3}.Debug|Any CPU.Build.0 = Debug|Any CPU
		{E9234FF2-96A4-44EE-BBE4-72612A5076A3}.Release|Any CPU.ActiveCfg = Release|Any CPU
		{E9234FF2-96A4-44EE-BBE4-72612A5076A3}.Release|Any CPU.Build.0 = Release|Any CPU
		{0D724723-82A8-466E-BF17-405F289DA2E0}.Debug|Any CPU.ActiveCfg = Debug|Any CPU
		{0D724723-82A8-466E-BF17-405F289DA2E0}.Debug|Any CPU.Build.0 = Debug|Any CPU
		{0D724723-82A8-466E-BF17-405F289DA2E0}.Release|Any CPU.ActiveCfg = Release|Any CPU
		{0D724723-82A8-466E-BF17-405F289DA2E0}.Release|Any CPU.Build.0 = Release|Any CPU
	EndGlobalSection
	GlobalSection(SolutionProperties) = preSolution
		HideSolutionNode = FALSE
	EndGlobalSection
	GlobalSection(ExtensibilityGlobals) = postSolution
		SolutionGuid = {FD54BD38-1768-4DB1-AC98-AF15F8C7302D}
	EndGlobalSection
EndGlobal
