
Microsoft Visual Studio Solution File, Format Version 12.00
# Visual Studio Version 16
VisualStudioVersion = 16.0.30621.155
MinimumVisualStudioVersion = 10.0.40219.1
Project("{FAE04EC0-301F-11D3-BF4B-00C04F79EFBC}") = "PersonInfo", "DefineAnInterfaceIPerson\PersonInfo.csproj", "{C8C982C8-0196-43CF-A45D-FC333D29CB56}"
EndProject
Global
	GlobalSection(SolutionConfigurationPlatforms) = preSolution
		Debug|Any CPU = Debug|Any CPU
		Release|Any CPU = Release|Any CPU
	EndGlobalSection
	GlobalSection(ProjectConfigurationPlatforms) = postSolution
		{C8C982C8-0196-43CF-A45D-FC333D29CB56}.Debug|Any CPU.ActiveCfg = Debug|Any CPU
		{C8C982C8-0196-43CF-A45D-FC333D29CB56}.Debug|Any CPU.Build.0 = Debug|Any CPU
		{C8C982C8-0196-43CF-A45D-FC333D29CB56}.Release|Any CPU.ActiveCfg = Release|Any CPU
		{C8C982C8-0196-43CF-A45D-FC333D29CB56}.Release|Any CPU.Build.0 = Release|Any CPU
	EndGlobalSection
	GlobalSection(SolutionProperties) = preSolution
		HideSolutionNode = FALSE
	EndGlobalSection
	GlobalSection(ExtensibilityGlobals) = postSolution
		SolutionGuid = {D3074BE3-D523-43C8-8829-2497D862A6F2}
	EndGlobalSection
EndGlobal
