
Microsoft Visual Studio Solution File, Format Version 12.00
# Visual Studio Version 16
VisualStudioVersion = 16.0.30611.23
MinimumVisualStudioVersion = 10.0.40219.1
Project("{9A19103F-16F7-4668-BE54-9A1E7A4F7556}") = "01", "01\01.csproj", "{E58A3512-D846-4D62-90BE-48D4F941FC33}"
EndProject
Project("{FAE04EC0-301F-11D3-BF4B-00C04F79EFBC}") = "01. Flower Wreaths", "01. Flower Wreaths\01. Flower Wreaths.csproj", "{3FE9352D-3DDD-4AE7-852A-1B9F2D1129B5}"
EndProject
Project("{FAE04EC0-301F-11D3-BF4B-00C04F79EFBC}") = "02. Bee", "02. Bee\02. Bee.csproj", "{1265C909-47A9-4BDC-B400-EF44AFA2A4FB}"
EndProject
Global
	GlobalSection(SolutionConfigurationPlatforms) = preSolution
		Debug|Any CPU = Debug|Any CPU
		Release|Any CPU = Release|Any CPU
	EndGlobalSection
	GlobalSection(ProjectConfigurationPlatforms) = postSolution
		{E58A3512-D846-4D62-90BE-48D4F941FC33}.Debug|Any CPU.ActiveCfg = Debug|Any CPU
		{E58A3512-D846-4D62-90BE-48D4F941FC33}.Debug|Any CPU.Build.0 = Debug|Any CPU
		{E58A3512-D846-4D62-90BE-48D4F941FC33}.Release|Any CPU.ActiveCfg = Release|Any CPU
		{E58A3512-D846-4D62-90BE-48D4F941FC33}.Release|Any CPU.Build.0 = Release|Any CPU
		{3FE9352D-3DDD-4AE7-852A-1B9F2D1129B5}.Debug|Any CPU.ActiveCfg = Debug|Any CPU
		{3FE9352D-3DDD-4AE7-852A-1B9F2D1129B5}.Debug|Any CPU.Build.0 = Debug|Any CPU
		{3FE9352D-3DDD-4AE7-852A-1B9F2D1129B5}.Release|Any CPU.ActiveCfg = Release|Any CPU
		{3FE9352D-3DDD-4AE7-852A-1B9F2D1129B5}.Release|Any CPU.Build.0 = Release|Any CPU
		{1265C909-47A9-4BDC-B400-EF44AFA2A4FB}.Debug|Any CPU.ActiveCfg = Debug|Any CPU
		{1265C909-47A9-4BDC-B400-EF44AFA2A4FB}.Debug|Any CPU.Build.0 = Debug|Any CPU
		{1265C909-47A9-4BDC-B400-EF44AFA2A4FB}.Release|Any CPU.ActiveCfg = Release|Any CPU
		{1265C909-47A9-4BDC-B400-EF44AFA2A4FB}.Release|Any CPU.Build.0 = Release|Any CPU
	EndGlobalSection
	GlobalSection(SolutionProperties) = preSolution
		HideSolutionNode = FALSE
	EndGlobalSection
	GlobalSection(ExtensibilityGlobals) = postSolution
		SolutionGuid = {BFECC459-6021-4CC2-AD2E-33FFF7DA51E6}
	EndGlobalSection
EndGlobal
