
Microsoft Visual Studio Solution File, Format Version 12.00
# Visual Studio Version 16
VisualStudioVersion = 16.0.29926.136
MinimumVisualStudioVersion = 10.0.40219.1
Project("{FAE04EC0-301F-11D3-BF4B-00C04F79EFBC}") = "01. Unique Usernames", "01. Unique Usernames\01. Unique Usernames.csproj", "{EDABCA37-BDF7-439E-91F0-E481C07C65D9}"
EndProject
Project("{FAE04EC0-301F-11D3-BF4B-00C04F79EFBC}") = "02.Sets of Elements", "02.Sets of Elements\02.Sets of Elements.csproj", "{BCC3295E-F7C0-441E-8381-248B67DE9B34}"
EndProject
Global
	GlobalSection(SolutionConfigurationPlatforms) = preSolution
		Debug|Any CPU = Debug|Any CPU
		Release|Any CPU = Release|Any CPU
	EndGlobalSection
	GlobalSection(ProjectConfigurationPlatforms) = postSolution
		{EDABCA37-BDF7-439E-91F0-E481C07C65D9}.Debug|Any CPU.ActiveCfg = Debug|Any CPU
		{EDABCA37-BDF7-439E-91F0-E481C07C65D9}.Debug|Any CPU.Build.0 = Debug|Any CPU
		{EDABCA37-BDF7-439E-91F0-E481C07C65D9}.Release|Any CPU.ActiveCfg = Release|Any CPU
		{EDABCA37-BDF7-439E-91F0-E481C07C65D9}.Release|Any CPU.Build.0 = Release|Any CPU
		{BCC3295E-F7C0-441E-8381-248B67DE9B34}.Debug|Any CPU.ActiveCfg = Debug|Any CPU
		{BCC3295E-F7C0-441E-8381-248B67DE9B34}.Debug|Any CPU.Build.0 = Debug|Any CPU
		{BCC3295E-F7C0-441E-8381-248B67DE9B34}.Release|Any CPU.ActiveCfg = Release|Any CPU
		{BCC3295E-F7C0-441E-8381-248B67DE9B34}.Release|Any CPU.Build.0 = Release|Any CPU
	EndGlobalSection
	GlobalSection(SolutionProperties) = preSolution
		HideSolutionNode = FALSE
	EndGlobalSection
	GlobalSection(ExtensibilityGlobals) = postSolution
		SolutionGuid = {89BB5BAB-8965-4FA0-8049-15721F5BF721}
	EndGlobalSection
EndGlobal
