
Microsoft Visual Studio Solution File, Format Version 12.00
# Visual Studio Version 16
VisualStudioVersion = 16.0.29926.136
MinimumVisualStudioVersion = 10.0.40219.1
Project("{9A19103F-16F7-4668-BE54-9A1E7A4F7556}") = "01. Unique Usernames", "01. Unique Usernames\01. Unique Usernames.csproj", "{EDABCA37-BDF7-439E-91F0-E481C07C65D9}"
EndProject
Project("{9A19103F-16F7-4668-BE54-9A1E7A4F7556}") = "02.Sets of Elements", "02.Sets of Elements\02.Sets of Elements.csproj", "{BCC3295E-F7C0-441E-8381-248B67DE9B34}"
EndProject
Project("{FAE04EC0-301F-11D3-BF4B-00C04F79EFBC}") = "03. Periodic Table", "03. Periodic Table\03. Periodic Table.csproj", "{22640F29-E909-4760-B333-2A3C5ED9BE52}"
EndProject
Project("{FAE04EC0-301F-11D3-BF4B-00C04F79EFBC}") = "04. Even Times", "04. Even Times\04. Even Times.csproj", "{0A19AE87-C7D1-4B71-9088-390F28185723}"
EndProject
Project("{FAE04EC0-301F-11D3-BF4B-00C04F79EFBC}") = "05. Count Symbols", "05. Count Symbols\05. Count Symbols.csproj", "{361C2CBC-C28D-4E72-BA70-9173B8756EE5}"
EndProject
Project("{FAE04EC0-301F-11D3-BF4B-00C04F79EFBC}") = "06. Wardrobe", "06. Wardrobe\06. Wardrobe.csproj", "{E26684F6-3C5E-47D2-9E55-DADA8FABC26D}"
EndProject
Global
	GlobalSection(SolutionConfigurationPlatforms) = preSolution
		Debug|Any CPU = Debug|Any CPU
		Release|Any CPU = Release|Any CPU
	EndGlobalSection
	GlobalSection(ProjectConfigurationPlatforms) = postSolution
		{EDABCA37-BDF7-439E-91F0-E481C07C65D9}.Debug|Any CPU.ActiveCfg = Debug|Any CPU
		{EDABCA37-BDF7-439E-91F0-E481C07C65D9}.Debug|Any CPU.Build.0 = Debug|Any CPU
		{EDABCA37-BDF7-439E-91F0-E481C07C65D9}.Release|Any CPU.ActiveCfg = Release|Any CPU
		{EDABCA37-BDF7-439E-91F0-E481C07C65D9}.Release|Any CPU.Build.0 = Release|Any CPU
		{BCC3295E-F7C0-441E-8381-248B67DE9B34}.Debug|Any CPU.ActiveCfg = Debug|Any CPU
		{BCC3295E-F7C0-441E-8381-248B67DE9B34}.Debug|Any CPU.Build.0 = Debug|Any CPU
		{BCC3295E-F7C0-441E-8381-248B67DE9B34}.Release|Any CPU.ActiveCfg = Release|Any CPU
		{BCC3295E-F7C0-441E-8381-248B67DE9B34}.Release|Any CPU.Build.0 = Release|Any CPU
		{22640F29-E909-4760-B333-2A3C5ED9BE52}.Debug|Any CPU.ActiveCfg = Debug|Any CPU
		{22640F29-E909-4760-B333-2A3C5ED9BE52}.Debug|Any CPU.Build.0 = Debug|Any CPU
		{22640F29-E909-4760-B333-2A3C5ED9BE52}.Release|Any CPU.ActiveCfg = Release|Any CPU
		{22640F29-E909-4760-B333-2A3C5ED9BE52}.Release|Any CPU.Build.0 = Release|Any CPU
		{0A19AE87-C7D1-4B71-9088-390F28185723}.Debug|Any CPU.ActiveCfg = Debug|Any CPU
		{0A19AE87-C7D1-4B71-9088-390F28185723}.Debug|Any CPU.Build.0 = Debug|Any CPU
		{0A19AE87-C7D1-4B71-9088-390F28185723}.Release|Any CPU.ActiveCfg = Release|Any CPU
		{0A19AE87-C7D1-4B71-9088-390F28185723}.Release|Any CPU.Build.0 = Release|Any CPU
		{361C2CBC-C28D-4E72-BA70-9173B8756EE5}.Debug|Any CPU.ActiveCfg = Debug|Any CPU
		{361C2CBC-C28D-4E72-BA70-9173B8756EE5}.Debug|Any CPU.Build.0 = Debug|Any CPU
		{361C2CBC-C28D-4E72-BA70-9173B8756EE5}.Release|Any CPU.ActiveCfg = Release|Any CPU
		{361C2CBC-C28D-4E72-BA70-9173B8756EE5}.Release|Any CPU.Build.0 = Release|Any CPU
		{E26684F6-3C5E-47D2-9E55-DADA8FABC26D}.Debug|Any CPU.ActiveCfg = Debug|Any CPU
		{E26684F6-3C5E-47D2-9E55-DADA8FABC26D}.Debug|Any CPU.Build.0 = Debug|Any CPU
		{E26684F6-3C5E-47D2-9E55-DADA8FABC26D}.Release|Any CPU.ActiveCfg = Release|Any CPU
		{E26684F6-3C5E-47D2-9E55-DADA8FABC26D}.Release|Any CPU.Build.0 = Release|Any CPU
	EndGlobalSection
	GlobalSection(SolutionProperties) = preSolution
		HideSolutionNode = FALSE
	EndGlobalSection
	GlobalSection(ExtensibilityGlobals) = postSolution
		SolutionGuid = {89BB5BAB-8965-4FA0-8049-15721F5BF721}
	EndGlobalSection
EndGlobal
